
Microsoft Visual Studio Solution File, Format Version 12.00
# Visual Studio Version 16
VisualStudioVersion = 16.0.32510.428
MinimumVisualStudioVersion = 10.0.40219.1
Project("{FAE04EC0-301F-11D3-BF4B-00C04F79EFBC}") = "calc", "calc\calc.csproj", "{19C32D53-EA85-4BBE-8619-B4C502BA2E53}"
EndProject
Global
	GlobalSection(SolutionConfigurationPlatforms) = preSolution
		Debug|Any CPU = Debug|Any CPU
		Release|Any CPU = Release|Any CPU
	EndGlobalSection
	GlobalSection(ProjectConfigurationPlatforms) = postSolution
		{19C32D53-EA85-4BBE-8619-B4C502BA2E53}.Debug|Any CPU.ActiveCfg = Debug|Any CPU
		{19C32D53-EA85-4BBE-8619-B4C502BA2E53}.Debug|Any CPU.Build.0 = Debug|Any CPU
		{19C32D53-EA85-4BBE-8619-B4C502BA2E53}.Release|Any CPU.ActiveCfg = Release|Any CPU
		{19C32D53-EA85-4BBE-8619-B4C502BA2E53}.Release|Any CPU.Build.0 = Release|Any CPU
	EndGlobalSection
	GlobalSection(SolutionProperties) = preSolution
		HideSolutionNode = FALSE
	EndGlobalSection
	GlobalSection(ExtensibilityGlobals) = postSolution
		SolutionGuid = {61406A75-5830-449C-9988-38DC0321FE25}
	EndGlobalSection
EndGlobal
